
Microsoft Visual Studio Solution File, Format Version 12.00
# Visual Studio Version 16
VisualStudioVersion = 16.0.31320.298
MinimumVisualStudioVersion = 10.0.40219.1
Project("{C7167F0D-BC9F-4E6E-AFE1-012C56B48DB5}") = "DiacriticHolder (Package)", "DiacriticHolder (Package)\DiacriticHolder (Package).wapproj", "{B4560E9D-1A38-47B9-BAD1-BF0D043F0395}"
EndProject
Project("{9A19103F-16F7-4668-BE54-9A1E7A4F7556}") = "DiacriticHolder", "DiacriticHolder\DiacriticHolder.csproj", "{8FAD4830-7BA5-46F8-9CD2-A828D7FD47D0}"
EndProject
Project("{2150E333-8FDC-42A3-9474-1A3956D46DE8}") = "Solution Items", "Solution Items", "{A7DB1392-7981-4C49-A1DB-EB9BB7E2DF9D}"
	ProjectSection(SolutionItems) = preProject
		.editorconfig = .editorconfig
	EndProjectSection
EndProject
Global
	GlobalSection(SolutionConfigurationPlatforms) = preSolution
		Debug|arm64 = Debug|arm64
		Debug|x64 = Debug|x64
		Debug|x86 = Debug|x86
		Release|arm64 = Release|arm64
		Release|x64 = Release|x64
		Release|x86 = Release|x86
	EndGlobalSection
	GlobalSection(ProjectConfigurationPlatforms) = postSolution
		{B4560E9D-1A38-47B9-BAD1-BF0D043F0395}.Debug|arm64.ActiveCfg = Debug|arm64
		{B4560E9D-1A38-47B9-BAD1-BF0D043F0395}.Debug|arm64.Build.0 = Debug|arm64
		{B4560E9D-1A38-47B9-BAD1-BF0D043F0395}.Debug|arm64.Deploy.0 = Debug|arm64
		{B4560E9D-1A38-47B9-BAD1-BF0D043F0395}.Debug|x64.ActiveCfg = Debug|x64
		{B4560E9D-1A38-47B9-BAD1-BF0D043F0395}.Debug|x64.Build.0 = Debug|x64
		{B4560E9D-1A38-47B9-BAD1-BF0D043F0395}.Debug|x64.Deploy.0 = Debug|x64
		{B4560E9D-1A38-47B9-BAD1-BF0D043F0395}.Debug|x86.ActiveCfg = Debug|x86
		{B4560E9D-1A38-47B9-BAD1-BF0D043F0395}.Debug|x86.Build.0 = Debug|x86
		{B4560E9D-1A38-47B9-BAD1-BF0D043F0395}.Debug|x86.Deploy.0 = Debug|x86
		{B4560E9D-1A38-47B9-BAD1-BF0D043F0395}.Release|arm64.ActiveCfg = Release|arm64
		{B4560E9D-1A38-47B9-BAD1-BF0D043F0395}.Release|arm64.Build.0 = Release|arm64
		{B4560E9D-1A38-47B9-BAD1-BF0D043F0395}.Release|arm64.Deploy.0 = Release|arm64
		{B4560E9D-1A38-47B9-BAD1-BF0D043F0395}.Release|x64.ActiveCfg = Release|x64
		{B4560E9D-1A38-47B9-BAD1-BF0D043F0395}.Release|x64.Build.0 = Release|x64
		{B4560E9D-1A38-47B9-BAD1-BF0D043F0395}.Release|x64.Deploy.0 = Release|x64
		{B4560E9D-1A38-47B9-BAD1-BF0D043F0395}.Release|x86.ActiveCfg = Release|x86
		{B4560E9D-1A38-47B9-BAD1-BF0D043F0395}.Release|x86.Build.0 = Release|x86
		{B4560E9D-1A38-47B9-BAD1-BF0D043F0395}.Release|x86.Deploy.0 = Release|x86
		{8FAD4830-7BA5-46F8-9CD2-A828D7FD47D0}.Debug|arm64.ActiveCfg = Debug|arm64
		{8FAD4830-7BA5-46F8-9CD2-A828D7FD47D0}.Debug|arm64.Build.0 = Debug|arm64
		{8FAD4830-7BA5-46F8-9CD2-A828D7FD47D0}.Debug|x64.ActiveCfg = Debug|x64
		{8FAD4830-7BA5-46F8-9CD2-A828D7FD47D0}.Debug|x64.Build.0 = Debug|x64
		{8FAD4830-7BA5-46F8-9CD2-A828D7FD47D0}.Debug|x86.ActiveCfg = Debug|x86
		{8FAD4830-7BA5-46F8-9CD2-A828D7FD47D0}.Debug|x86.Build.0 = Debug|x86
		{8FAD4830-7BA5-46F8-9CD2-A828D7FD47D0}.Release|arm64.ActiveCfg = Release|arm64
		{8FAD4830-7BA5-46F8-9CD2-A828D7FD47D0}.Release|arm64.Build.0 = Release|arm64
		{8FAD4830-7BA5-46F8-9CD2-A828D7FD47D0}.Release|x64.ActiveCfg = Release|x64
		{8FAD4830-7BA5-46F8-9CD2-A828D7FD47D0}.Release|x64.Build.0 = Release|x64
		{8FAD4830-7BA5-46F8-9CD2-A828D7FD47D0}.Release|x86.ActiveCfg = Release|x86
		{8FAD4830-7BA5-46F8-9CD2-A828D7FD47D0}.Release|x86.Build.0 = Release|x86
	EndGlobalSection
	GlobalSection(SolutionProperties) = preSolution
		HideSolutionNode = FALSE
	EndGlobalSection
	GlobalSection(ExtensibilityGlobals) = postSolution
		SolutionGuid = {0FCF2500-6FA9-4871-BDF6-0B2D47FB174C}
	EndGlobalSection
EndGlobal
